{
	"name": "grounded",
	"version": "1.2.7",
	"lockfileVersion": 1,
	"requires": true,
	"dependencies": {
		"base64-js": {
			"version": "1.3.1",
			"resolved": "https://registry.npmjs.org/base64-js/-/base64-js-1.3.1.tgz",
			"integrity": "sha512-mLQ4i2QO1ytvGWFWmcngKO//JXAQueZvwEKtjgQFM4jIK0kU+ytMfplL8j+n5mspOfjHwoAg+9yhb7BwAHm36g=="
		},
		"bluebird": {
			"version": "3.7.2",
			"resolved": "https://registry.npmjs.org/bluebird/-/bluebird-3.7.2.tgz",
			"integrity": "sha512-XpNj6GDQzdfW+r2Wnn7xiSAd7TM3jzkxGXBGTtWKuSXv1xUV+azxAm8jdWZN06QTQk+2N2XB9jRDkvbmQmcRtg=="
		},
		"bluebird-co": {
			"version": "2.2.0",
			"resolved": "https://registry.npmjs.org/bluebird-co/-/bluebird-co-2.2.0.tgz",
			"integrity": "sha1-4KSeY7axfjTJH0izk0t2mjd/vtc="
		},
		"brotli": {
			"version": "1.3.2",
			"resolved": "https://registry.npmjs.org/brotli/-/brotli-1.3.2.tgz",
			"integrity": "sha1-UlqcrU/LqWR119OI9q7LE+7VL0Y=",
			"requires": {
				"base64-js": "^1.1.2"
			}
		},
		"formidable": {
			"version": "1.2.1",
			"resolved": "https://registry.npmjs.org/formidable/-/formidable-1.2.1.tgz",
			"integrity": "sha512-Fs9VRguL0gqGHkXS5GQiMCr1VhZBxz0JnJs4JmMp/2jL18Fmbzvv7vOFRU+U8TBkHEE/CX1qDXzJplVULgsLeg=="
		},
		"js-md5": {
			"version": "0.7.3",
			"resolved": "https://registry.npmjs.org/js-md5/-/js-md5-0.7.3.tgz",
			"integrity": "sha512-ZC41vPSTLKGwIRjqDh8DfXoCrdQIyBgspJVPXHBGu4nZlAEvG3nf+jO9avM9RmLiGakg7vz974ms99nEV0tmTQ=="
		},
		"mp3-duration": {
			"version": "1.1.0",
			"resolved": "https://registry.npmjs.org/mp3-duration/-/mp3-duration-1.1.0.tgz",
			"integrity": "sha1-wALk5FREgGCHNmCrtNp9EBGNDpw=",
			"requires": {
				"bluebird": "^3.5.1",
				"bluebird-co": "^2.2.0"
			}
		},
		"node-zip": {
			"version": "github:kyriosli/node-zip#7e0ef7a9fd5aeb7a9420aed36adc987aad4e5e54",
			"from": "github:kyriosli/node-zip"
		},
		"sax": {
			"version": "1.2.4",
			"resolved": "https://registry.npmjs.org/sax/-/sax-1.2.4.tgz",
			"integrity": "sha512-NqVDv9TpANUjFm0N8uM5GxL36UgKi9/atZw+x7YFnQ8ckwFGKrl4xX4yWtrey3UJm5nP1kUbnYgLopqWNSRhWw=="
		},
		"xmldoc": {
			"version": "1.1.2",
			"resolved": "https://registry.npmjs.org/xmldoc/-/xmldoc-1.1.2.tgz",
			"integrity": "sha512-ruPC/fyPNck2BD1dpz0AZZyrEwMOrWTO5lDdIXS91rs3wtm4j+T8Rp2o+zoOYkkAxJTZRPOSnOGei1egoRmKMQ==",
			"requires": {
				"sax": "^1.2.1"
			}
		}
	}
}
