{
	"name": "grounded",
	"version": "0.0.1",
	"lockfileVersion": 1,
	"requires": true,
	"dependencies": {
		"bluebird": {
			"version": "3.7.2",
			"resolved": "https://registry.npmjs.org/bluebird/-/bluebird-3.7.2.tgz",
			"integrity": "sha512-XpNj6GDQzdfW+r2Wnn7xiSAd7TM3jzkxGXBGTtWKuSXv1xUV+azxAm8jdWZN06QTQk+2N2XB9jRDkvbmQmcRtg=="
		},
		"bluebird-co": {
			"version": "2.2.0",
			"resolved": "https://registry.npmjs.org/bluebird-co/-/bluebird-co-2.2.0.tgz",
			"integrity": "sha1-4KSeY7axfjTJH0izk0t2mjd/vtc="
		},
		"formidable": {
			"version": "1.2.1",
			"resolved": "https://registry.npmjs.org/formidable/-/formidable-1.2.1.tgz",
			"integrity": "sha512-Fs9VRguL0gqGHkXS5GQiMCr1VhZBxz0JnJs4JmMp/2jL18Fmbzvv7vOFRU+U8TBkHEE/CX1qDXzJplVULgsLeg=="
		},
		"mp3-duration": {
			"version": "1.1.0",
			"resolved": "https://registry.npmjs.org/mp3-duration/-/mp3-duration-1.1.0.tgz",
			"integrity": "sha1-wALk5FREgGCHNmCrtNp9EBGNDpw=",
			"requires": {
				"bluebird": "^3.5.1",
				"bluebird-co": "^2.2.0"
			}
		},
		"node-zip": {
			"version": "github:kyriosli/node-zip#7e0ef7a9fd5aeb7a9420aed36adc987aad4e5e54",
			"from": "github:kyriosli/node-zip"
		},
		"sax": {
			"version": "1.2.4",
			"resolved": "https://registry.npmjs.org/sax/-/sax-1.2.4.tgz",
			"integrity": "sha512-NqVDv9TpANUjFm0N8uM5GxL36UgKi9/atZw+x7YFnQ8ckwFGKrl4xX4yWtrey3UJm5nP1kUbnYgLopqWNSRhWw=="
		},
		"xmldoc": {
			"version": "1.1.2",
			"resolved": "https://registry.npmjs.org/xmldoc/-/xmldoc-1.1.2.tgz",
			"integrity": "sha512-ruPC/fyPNck2BD1dpz0AZZyrEwMOrWTO5lDdIXS91rs3wtm4j+T8Rp2o+zoOYkkAxJTZRPOSnOGei1egoRmKMQ==",
			"requires": {
				"sax": "^1.2.1"
			}
		}
	}
}
